// !$*UTF8*$!
{
	archiveVersion = 1;
	classes = {
	};
	objectVersion = 56;
	objects = {

/* Begin PBXBuildFile section */
		BC802B2B29AC4B6500BBFE8E /* AppDelegate.swift in Sources */ = {isa = PBXBuildFile; fileRef = BC802B2A29AC4B6500BBFE8E /* AppDelegate.swift */; };
		BC802B2D29AC4B6500BBFE8E /* SceneDelegate.swift in Sources */ = {isa = PBXBuildFile; fileRef = BC802B2C29AC4B6500BBFE8E /* SceneDelegate.swift */; };
		BC802B2F29AC4B6500BBFE8E /* ViewController.swift in Sources */ = {isa = PBXBuildFile; fileRef = BC802B2E29AC4B6500BBFE8E /* ViewController.swift */; };
		BC802B3229AC4B6500BBFE8E /* Main.storyboard in Resources */ = {isa = PBXBuildFile; fileRef = BC802B3029AC4B6500BBFE8E /* Main.storyboard */; };
		BC802B3429AC4B6600BBFE8E /* Assets.xcassets in Resources */ = {isa = PBXBuildFile; fileRef = BC802B3329AC4B6600BBFE8E /* Assets.xcassets */; };
		BC802B3729AC4B6600BBFE8E /* LaunchScreen.storyboard in Resources */ = {isa = PBXBuildFile; fileRef = BC802B3529AC4B6600BBFE8E /* LaunchScreen.storyboard */; };
		BC802B4229AC4B6600BBFE8E /* BeReal_CloneTests.swift in Sources */ = {isa = PBXBuildFile; fileRef = BC802B4129AC4B6600BBFE8E /* BeReal_CloneTests.swift */; };
		BC802B4C29AC4B6600BBFE8E /* BeReal_CloneUITests.swift in Sources */ = {isa = PBXBuildFile; fileRef = BC802B4B29AC4B6600BBFE8E /* BeReal_CloneUITests.swift */; };
		BC802B4E29AC4B6600BBFE8E /* BeReal_CloneUITestsLaunchTests.swift in Sources */ = {isa = PBXBuildFile; fileRef = BC802B4D29AC4B6600BBFE8E /* BeReal_CloneUITestsLaunchTests.swift */; };
/* End PBXBuildFile section */

/* Begin PBXContainerItemProxy section */
		BC802B3E29AC4B6600BBFE8E /* PBXContainerItemProxy */ = {
			isa = PBXContainerItemProxy;
			containerPortal = BC802B1F29AC4B6500BBFE8E /* Project object */;
			proxyType = 1;
			remoteGlobalIDString = BC802B2629AC4B6500BBFE8E;
			remoteInfo = "BeReal Clone";
		};
		BC802B4829AC4B6600BBFE8E /* PBXContainerItemProxy */ = {
			isa = PBXContainerItemProxy;
			containerPortal = BC802B1F29AC4B6500BBFE8E /* Project object */;
			proxyType = 1;
			remoteGlobalIDString = BC802B2629AC4B6500BBFE8E;
			remoteInfo = "BeReal Clone";
		};
/* End PBXContainerItemProxy section */

/* Begin PBXFileReference section */
		BC802B2729AC4B6500BBFE8E /* BeReal Clone.app */ = {isa = PBXFileReference; explicitFileType = wrapper.application; includeInIndex = 0; path = "BeReal Clone.app"; sourceTree = BUILT_PRODUCTS_DIR; };
		BC802B2A29AC4B6500BBFE8E /* AppDelegate.swift */ = {isa = PBXFileReference; lastKnownFileType = sourcecode.swift; path = AppDelegate.swift; sourceTree = "<group>"; };
		BC802B2C29AC4B6500BBFE8E /* SceneDelegate.swift */ = {isa = PBXFileReference; lastKnownFileType = sourcecode.swift; path = SceneDelegate.swift; sourceTree = "<group>"; };
		BC802B2E29AC4B6500BBFE8E /* ViewController.swift */ = {isa = PBXFileReference; lastKnownFileType = sourcecode.swift; path = ViewController.swift; sourceTree = "<group>"; };
		BC802B3129AC4B6500BBFE8E /* Base */ = {isa = PBXFileReference; lastKnownFileType = file.storyboard; name = Base; path = Base.lproj/Main.storyboard; sourceTree = "<group>"; };
		BC802B3329AC4B6600BBFE8E /* Assets.xcassets */ = {isa = PBXFileReference; lastKnownFileType = folder.assetcatalog; path = Assets.xcassets; sourceTree = "<group>"; };
		BC802B3629AC4B6600BBFE8E /* Base */ = {isa = PBXFileReference; lastKnownFileType = file.storyboard; name = Base; path = Base.lproj/LaunchScreen.storyboard; sourceTree = "<group>"; };
		BC802B3829AC4B6600BBFE8E /* Info.plist */ = {isa = PBXFileReference; lastKnownFileType = text.plist.xml; path = Info.plist; sourceTree = "<group>"; };
		BC802B3D29AC4B6600BBFE8E /* BeReal CloneTests.xctest */ = {isa = PBXFileReference; explicitFileType = wrapper.cfbundle; includeInIndex = 0; path = "BeReal CloneTests.xctest"; sourceTree = BUILT_PRODUCTS_DIR; };
		BC802B4129AC4B6600BBFE8E /* BeReal_CloneTests.swift */ = {isa = PBXFileReference; lastKnownFileType = sourcecode.swift; path = BeReal_CloneTests.swift; sourceTree = "<group>"; };
		BC802B4729AC4B6600BBFE8E /* BeReal CloneUITests.xctest */ = {isa = PBXFileReference; explicitFileType = wrapper.cfbundle; includeInIndex = 0; path = "BeReal CloneUITests.xctest"; sourceTree = BUILT_PRODUCTS_DIR; };
		BC802B4B29AC4B6600BBFE8E /* BeReal_CloneUITests.swift */ = {isa = PBXFileReference; lastKnownFileType = sourcecode.swift; path = BeReal_CloneUITests.swift; sourceTree = "<group>"; };
		BC802B4D29AC4B6600BBFE8E /* BeReal_CloneUITestsLaunchTests.swift */ = {isa = PBXFileReference; lastKnownFileType = sourcecode.swift; path = BeReal_CloneUITestsLaunchTests.swift; sourceTree = "<group>"; };
/* End PBXFileReference section */

/* Begin PBXFrameworksBuildPhase section */
		BC802B2429AC4B6500BBFE8E /* Frameworks */ = {
			isa = PBXFrameworksBuildPhase;
			buildActionMask = 2147483647;
			files = (
			);
			runOnlyForDeploymentPostprocessing = 0;
		};
		BC802B3A29AC4B6600BBFE8E /* Frameworks */ = {
			isa = PBXFrameworksBuildPhase;
			buildActionMask = 2147483647;
			files = (
			);
			runOnlyForDeploymentPostprocessing = 0;
		};
		BC802B4429AC4B6600BBFE8E /* Frameworks */ = {
			isa = PBXFrameworksBuildPhase;
			buildActionMask = 2147483647;
			files = (
			);
			runOnlyForDeploymentPostprocessing = 0;
		};
/* End PBXFrameworksBuildPhase section */

/* Begin PBXGroup section */
		BC802B1E29AC4B6500BBFE8E = {
			isa = PBXGroup;
			children = (
				BC802B2929AC4B6500BBFE8E /* BeReal Clone */,
				BC802B4029AC4B6600BBFE8E /* BeReal CloneTests */,
				BC802B4A29AC4B6600BBFE8E /* BeReal CloneUITests */,
				BC802B2829AC4B6500BBFE8E /* Products */,
			);
			sourceTree = "<group>";
		};
		BC802B2829AC4B6500BBFE8E /* Products */ = {
			isa = PBXGroup;
			children = (
				BC802B2729AC4B6500BBFE8E /* BeReal Clone.app */,
				BC802B3D29AC4B6600BBFE8E /* BeReal CloneTests.xctest */,
				BC802B4729AC4B6600BBFE8E /* BeReal CloneUITests.xctest */,
			);
			name = Products;
			sourceTree = "<group>";
		};
		BC802B2929AC4B6500BBFE8E /* BeReal Clone */ = {
			isa = PBXGroup;
			children = (
				BC802B2A29AC4B6500BBFE8E /* AppDelegate.swift */,
				BC802B2C29AC4B6500BBFE8E /* SceneDelegate.swift */,
				BC802B2E29AC4B6500BBFE8E /* ViewController.swift */,
				BC802B3029AC4B6500BBFE8E /* Main.storyboard */,
				BC802B3329AC4B6600BBFE8E /* Assets.xcassets */,
				BC802B3529AC4B6600BBFE8E /* LaunchScreen.storyboard */,
				BC802B3829AC4B6600BBFE8E /* Info.plist */,
			);
			path = "BeReal Clone";
			sourceTree = "<group>";
		};
		BC802B4029AC4B6600BBFE8E /* BeReal CloneTests */ = {
			isa = PBXGroup;
			children = (
				BC802B4129AC4B6600BBFE8E /* BeReal_CloneTests.swift */,
			);
			path = "BeReal CloneTests";
			sourceTree = "<group>";
		};
		BC802B4A29AC4B6600BBFE8E /* BeReal CloneUITests */ = {
			isa = PBXGroup;
			children = (
				BC802B4B29AC4B6600BBFE8E /* BeReal_CloneUITests.swift */,
				BC802B4D29AC4B6600BBFE8E /* BeReal_CloneUITestsLaunchTests.swift */,
			);
			path = "BeReal CloneUITests";
			sourceTree = "<group>";
		};
/* End PBXGroup section */

/* Begin PBXNativeTarget section */
		BC802B2629AC4B6500BBFE8E /* BeReal Clone */ = {
			isa = PBXNativeTarget;
			buildConfigurationList = BC802B5129AC4B6600BBFE8E /* Build configuration list for PBXNativeTarget "BeReal Clone" */;
			buildPhases = (
				BC802B2329AC4B6500BBFE8E /* Sources */,
				BC802B2429AC4B6500BBFE8E /* Frameworks */,
				BC802B2529AC4B6500BBFE8E /* Resources */,
			);
			buildRules = (
			);
			dependencies = (
			);
			name = "BeReal Clone";
			productName = "BeReal Clone";
			productReference = BC802B2729AC4B6500BBFE8E /* BeReal Clone.app */;
			productType = "com.apple.product-type.application";
		};
		BC802B3C29AC4B6600BBFE8E /* BeReal CloneTests */ = {
			isa = PBXNativeTarget;
			buildConfigurationList = BC802B5429AC4B6600BBFE8E /* Build configuration list for PBXNativeTarget "BeReal CloneTests" */;
			buildPhases = (
				BC802B3929AC4B6600BBFE8E /* Sources */,
				BC802B3A29AC4B6600BBFE8E /* Frameworks */,
				BC802B3B29AC4B6600BBFE8E /* Resources */,
			);
			buildRules = (
			);
			dependencies = (
				BC802B3F29AC4B6600BBFE8E /* PBXTargetDependency */,
			);
			name = "BeReal CloneTests";
			productName = "BeReal CloneTests";
			productReference = BC802B3D29AC4B6600BBFE8E /* BeReal CloneTests.xctest */;
			productType = "com.apple.product-type.bundle.unit-test";
		};
		BC802B4629AC4B6600BBFE8E /* BeReal CloneUITests */ = {
			isa = PBXNativeTarget;
			buildConfigurationList = BC802B5729AC4B6600BBFE8E /* Build configuration list for PBXNativeTarget "BeReal CloneUITests" */;
			buildPhases = (
				BC802B4329AC4B6600BBFE8E /* Sources */,
				BC802B4429AC4B6600BBFE8E /* Frameworks */,
				BC802B4529AC4B6600BBFE8E /* Resources */,
			);
			buildRules = (
			);
			dependencies = (
				BC802B4929AC4B6600BBFE8E /* PBXTargetDependency */,
			);
			name = "BeReal CloneUITests";
			productName = "BeReal CloneUITests";
			productReference = BC802B4729AC4B6600BBFE8E /* BeReal CloneUITests.xctest */;
			productType = "com.apple.product-type.bundle.ui-testing";
		};
/* End PBXNativeTarget section */

/* Begin PBXProject section */
		BC802B1F29AC4B6500BBFE8E /* Project object */ = {
			isa = PBXProject;
			attributes = {
				BuildIndependentTargetsInParallel = 1;
				LastSwiftUpdateCheck = 1420;
				LastUpgradeCheck = 1420;
				TargetAttributes = {
					BC802B2629AC4B6500BBFE8E = {
						CreatedOnToolsVersion = 14.2;
					};
					BC802B3C29AC4B6600BBFE8E = {
						CreatedOnToolsVersion = 14.2;
						TestTargetID = BC802B2629AC4B6500BBFE8E;
					};
					BC802B4629AC4B6600BBFE8E = {
						CreatedOnToolsVersion = 14.2;
						TestTargetID = BC802B2629AC4B6500BBFE8E;
					};
				};
			};
			buildConfigurationList = BC802B2229AC4B6500BBFE8E /* Build configuration list for PBXProject "BeReal Clone" */;
			compatibilityVersion = "Xcode 14.0";
			developmentRegion = en;
			hasScannedForEncodings = 0;
			knownRegions = (
				en,
				Base,
			);
			mainGroup = BC802B1E29AC4B6500BBFE8E;
			productRefGroup = BC802B2829AC4B6500BBFE8E /* Products */;
			projectDirPath = "";
			projectRoot = "";
			targets = (
				BC802B2629AC4B6500BBFE8E /* BeReal Clone */,
				BC802B3C29AC4B6600BBFE8E /* BeReal CloneTests */,
				BC802B4629AC4B6600BBFE8E /* BeReal CloneUITests */,
			);
		};
/* End PBXProject section */

/* Begin PBXResourcesBuildPhase section */
		BC802B2529AC4B6500BBFE8E /* Resources */ = {
			isa = PBXResourcesBuildPhase;
			buildActionMask = 2147483647;
			files = (
				BC802B3729AC4B6600BBFE8E /* LaunchScreen.storyboard in Resources */,
				BC802B3429AC4B6600BBFE8E /* Assets.xcassets in Resources */,
				BC802B3229AC4B6500BBFE8E /* Main.storyboard in Resources */,
			);
			runOnlyForDeploymentPostprocessing = 0;
		};
		BC802B3B29AC4B6600BBFE8E /* Resources */ = {
			isa = PBXResourcesBuildPhase;
			buildActionMask = 2147483647;
			files = (
			);
			runOnlyForDeploymentPostprocessing = 0;
		};
		BC802B4529AC4B6600BBFE8E /* Resources */ = {
			isa = PBXResourcesBuildPhase;
			buildActionMask = 2147483647;
			files = (
			);
			runOnlyForDeploymentPostprocessing = 0;
		};
/* End PBXResourcesBuildPhase section */

/* Begin PBXSourcesBuildPhase section */
		BC802B2329AC4B6500BBFE8E /* Sources */ = {
			isa = PBXSourcesBuildPhase;
			buildActionMask = 2147483647;
			files = (
				BC802B2F29AC4B6500BBFE8E /* ViewController.swift in Sources */,
				BC802B2B29AC4B6500BBFE8E /* AppDelegate.swift in Sources */,
				BC802B2D29AC4B6500BBFE8E /* SceneDelegate.swift in Sources */,
			);
			runOnlyForDeploymentPostprocessing = 0;
		};
		BC802B3929AC4B6600BBFE8E /* Sources */ = {
			isa = PBXSourcesBuildPhase;
			buildActionMask = 2147483647;
			files = (
				BC802B4229AC4B6600BBFE8E /* BeReal_CloneTests.swift in Sources */,
			);
			runOnlyForDeploymentPostprocessing = 0;
		};
		BC802B4329AC4B6600BBFE8E /* Sources */ = {
			isa = PBXSourcesBuildPhase;
			buildActionMask = 2147483647;
			files = (
				BC802B4C29AC4B6600BBFE8E /* BeReal_CloneUITests.swift in Sources */,
				BC802B4E29AC4B6600BBFE8E /* BeReal_CloneUITestsLaunchTests.swift in Sources */,
			);
			runOnlyForDeploymentPostprocessing = 0;
		};
/* End PBXSourcesBuildPhase section */

/* Begin PBXTargetDependency section */
		BC802B3F29AC4B6600BBFE8E /* PBXTargetDependency */ = {
			isa = PBXTargetDependency;
			target = BC802B2629AC4B6500BBFE8E /* BeReal Clone */;
			targetProxy = BC802B3E29AC4B6600BBFE8E /* PBXContainerItemProxy */;
		};
		BC802B4929AC4B6600BBFE8E /* PBXTargetDependency */ = {
			isa = PBXTargetDependency;
			target = BC802B2629AC4B6500BBFE8E /* BeReal Clone */;
			targetProxy = BC802B4829AC4B6600BBFE8E /* PBXContainerItemProxy */;
		};
/* End PBXTargetDependency section */

/* Begin PBXVariantGroup section */
		BC802B3029AC4B6500BBFE8E /* Main.storyboard */ = {
			isa = PBXVariantGroup;
			children = (
				BC802B3129AC4B6500BBFE8E /* Base */,
			);
			name = Main.storyboard;
			sourceTree = "<group>";
		};
		BC802B3529AC4B6600BBFE8E /* LaunchScreen.storyboard */ = {
			isa = PBXVariantGroup;
			children = (
				BC802B3629AC4B6600BBFE8E /* Base */,
			);
			name = LaunchScreen.storyboard;
			sourceTree = "<group>";
		};
/* End PBXVariantGroup section */

/* Begin XCBuildConfiguration section */
		BC802B4F29AC4B6600BBFE8E /* Debug */ = {
			isa = XCBuildConfiguration;
			buildSettings = {
				ALWAYS_SEARCH_USER_PATHS = NO;
				CLANG_ANALYZER_NONNULL = YES;
				CLANG_ANALYZER_NUMBER_OBJECT_CONVERSION = YES_AGGRESSIVE;
				CLANG_CXX_LANGUAGE_STANDARD = "gnu++20";
				CLANG_ENABLE_MODULES = YES;
				CLANG_ENABLE_OBJC_ARC = YES;
				CLANG_ENABLE_OBJC_WEAK = YES;
				CLANG_WARN_BLOCK_CAPTURE_AUTORELEASING = YES;
				CLANG_WARN_BOOL_CONVERSION = YES;
				CLANG_WARN_COMMA = YES;
				CLANG_WARN_CONSTANT_CONVERSION = YES;
				CLANG_WARN_DEPRECATED_OBJC_IMPLEMENTATIONS = YES;
				CLANG_WARN_DIRECT_OBJC_ISA_USAGE = YES_ERROR;
				CLANG_WARN_DOCUMENTATION_COMMENTS = YES;
				CLANG_WARN_EMPTY_BODY = YES;
				CLANG_WARN_ENUM_CONVERSION = YES;
				CLANG_WARN_INFINITE_RECURSION = YES;
				CLANG_WARN_INT_CONVERSION = YES;
				CLANG_WARN_NON_LITERAL_NULL_CONVERSION = YES;
				CLANG_WARN_OBJC_IMPLICIT_RETAIN_SELF = YES;
				CLANG_WARN_OBJC_LITERAL_CONVERSION = YES;
				CLANG_WARN_OBJC_ROOT_CLASS = YES_ERROR;
				CLANG_WARN_QUOTED_INCLUDE_IN_FRAMEWORK_HEADER = YES;
				CLANG_WARN_RANGE_LOOP_ANALYSIS = YES;
				CLANG_WARN_STRICT_PROTOTYPES = YES;
				CLANG_WARN_SUSPICIOUS_MOVE = YES;
				CLANG_WARN_UNGUARDED_AVAILABILITY = YES_AGGRESSIVE;
				CLANG_WARN_UNREACHABLE_CODE = YES;
				CLANG_WARN__DUPLICATE_METHOD_MATCH = YES;
				COPY_PHASE_STRIP = NO;
				DEBUG_INFORMATION_FORMAT = dwarf;
				ENABLE_STRICT_OBJC_MSGSEND = YES;
				ENABLE_TESTABILITY = YES;
				GCC_C_LANGUAGE_STANDARD = gnu11;
				GCC_DYNAMIC_NO_PIC = NO;
				GCC_NO_COMMON_BLOCKS = YES;
				GCC_OPTIMIZATION_LEVEL = 0;
				GCC_PREPROCESSOR_DEFINITIONS = (
					"DEBUG=1",
					"$(inherited)",
				);
				GCC_WARN_64_TO_32_BIT_CONVERSION = YES;
				GCC_WARN_ABOUT_RETURN_TYPE = YES_ERROR;
				GCC_WARN_UNDECLARED_SELECTOR = YES;
				GCC_WARN_UNINITIALIZED_AUTOS = YES_AGGRESSIVE;
				GCC_WARN_UNUSED_FUNCTION = YES;
				GCC_WARN_UNUSED_VARIABLE = YES;
				IPHONEOS_DEPLOYMENT_TARGET = 16.2;
				MTL_ENABLE_DEBUG_INFO = INCLUDE_SOURCE;
				MTL_FAST_MATH = YES;
				ONLY_ACTIVE_ARCH = YES;
				SDKROOT = iphoneos;
				SWIFT_ACTIVE_COMPILATION_CONDITIONS = DEBUG;
				SWIFT_OPTIMIZATION_LEVEL = "-Onone";
			};
			name = Debug;
		};
		BC802B5029AC4B6600BBFE8E /* Release */ = {
			isa = XCBuildConfiguration;
			buildSettings = {
				ALWAYS_SEARCH_USER_PATHS = NO;
				CLANG_ANALYZER_NONNULL = YES;
				CLANG_ANALYZER_NUMBER_OBJECT_CONVERSION = YES_AGGRESSIVE;
				CLANG_CXX_LANGUAGE_STANDARD = "gnu++20";
				CLANG_ENABLE_MODULES = YES;
				CLANG_ENABLE_OBJC_ARC = YES;
				CLANG_ENABLE_OBJC_WEAK = YES;
				CLANG_WARN_BLOCK_CAPTURE_AUTORELEASING = YES;
				CLANG_WARN_BOOL_CONVERSION = YES;
				CLANG_WARN_COMMA = YES;
				CLANG_WARN_CONSTANT_CONVERSION = YES;
				CLANG_WARN_DEPRECATED_OBJC_IMPLEMENTATIONS = YES;
				CLANG_WARN_DIRECT_OBJC_ISA_USAGE = YES_ERROR;
				CLANG_WARN_DOCUMENTATION_COMMENTS = YES;
				CLANG_WARN_EMPTY_BODY = YES;
				CLANG_WARN_ENUM_CONVERSION = YES;
				CLANG_WARN_INFINITE_RECURSION = YES;
				CLANG_WARN_INT_CONVERSION = YES;
				CLANG_WARN_NON_LITERAL_NULL_CONVERSION = YES;
				CLANG_WARN_OBJC_IMPLICIT_RETAIN_SELF = YES;
				CLANG_WARN_OBJC_LITERAL_CONVERSION = YES;
				CLANG_WARN_OBJC_ROOT_CLASS = YES_ERROR;
				CLANG_WARN_QUOTED_INCLUDE_IN_FRAMEWORK_HEADER = YES;
				CLANG_WARN_RANGE_LOOP_ANALYSIS = YES;
				CLANG_WARN_STRICT_PROTOTYPES = YES;
				CLANG_WARN_SUSPICIOUS_MOVE = YES;
				CLANG_WARN_UNGUARDED_AVAILABILITY = YES_AGGRESSIVE;
				CLANG_WARN_UNREACHABLE_CODE = YES;
				CLANG_WARN__DUPLICATE_METHOD_MATCH = YES;
				COPY_PHASE_STRIP = NO;
				DEBUG_INFORMATION_FORMAT = "dwarf-with-dsym";
				ENABLE_NS_ASSERTIONS = NO;
				ENABLE_STRICT_OBJC_MSGSEND = YES;
				GCC_C_LANGUAGE_STANDARD = gnu11;
				GCC_NO_COMMON_BLOCKS = YES;
				GCC_WARN_64_TO_32_BIT_CONVERSION = YES;
				GCC_WARN_ABOUT_RETURN_TYPE = YES_ERROR;
				GCC_WARN_UNDECLARED_SELECTOR = YES;
				GCC_WARN_UNINITIALIZED_AUTOS = YES_AGGRESSIVE;
				GCC_WARN_UNUSED_FUNCTION = YES;
				GCC_WARN_UNUSED_VARIABLE = YES;
				IPHONEOS_DEPLOYMENT_TARGET = 16.2;
				MTL_ENABLE_DEBUG_INFO = NO;
				MTL_FAST_MATH = YES;
				SDKROOT = iphoneos;
				SWIFT_COMPILATION_MODE = wholemodule;
				SWIFT_OPTIMIZATION_LEVEL = "-O";
				VALIDATE_PRODUCT = YES;
			};
			name = Release;
		};
		BC802B5229AC4B6600BBFE8E /* Debug */ = {
			isa = XCBuildConfiguration;
			buildSettings = {
				ASSETCATALOG_COMPILER_APPICON_NAME = AppIcon;
				ASSETCATALOG_COMPILER_GLOBAL_ACCENT_COLOR_NAME = AccentColor;
				CODE_SIGN_STYLE = Automatic;
				CURRENT_PROJECT_VERSION = 1;
				GENERATE_INFOPLIST_FILE = YES;
				INFOPLIST_FILE = "BeReal Clone/Info.plist";
				INFOPLIST_KEY_UIApplicationSupportsIndirectInputEvents = YES;
				INFOPLIST_KEY_UILaunchStoryboardName = LaunchScreen;
				INFOPLIST_KEY_UIMainStoryboardFile = Main;
				INFOPLIST_KEY_UISupportedInterfaceOrientations_iPad = "UIInterfaceOrientationPortrait UIInterfaceOrientationPortraitUpsideDown UIInterfaceOrientationLandscapeLeft UIInterfaceOrientationLandscapeRight";
				INFOPLIST_KEY_UISupportedInterfaceOrientations_iPhone = "UIInterfaceOrientationPortrait UIInterfaceOrientationLandscapeLeft UIInterfaceOrientationLandscapeRight";
				LD_RUNPATH_SEARCH_PATHS = (
					"$(inherited)",
					"@executable_path/Frameworks",
				);
				MARKETING_VERSION = 1.0;
				PRODUCT_BUNDLE_IDENTIFIER = "JonathanVelez.BeReal-Clone";
				PRODUCT_NAME = "$(TARGET_NAME)";
				SWIFT_EMIT_LOC_STRINGS = YES;
				SWIFT_VERSION = 5.0;
				TARGETED_DEVICE_FAMILY = "1,2";
			};
			name = Debug;
		};
		BC802B5329AC4B6600BBFE8E /* Release */ = {
			isa = XCBuildConfiguration;
			buildSettings = {
				ASSETCATALOG_COMPILER_APPICON_NAME = AppIcon;
				ASSETCATALOG_COMPILER_GLOBAL_ACCENT_COLOR_NAME = AccentColor;
				CODE_SIGN_STYLE = Automatic;
				CURRENT_PROJECT_VERSION = 1;
				GENERATE_INFOPLIST_FILE = YES;
				INFOPLIST_FILE = "BeReal Clone/Info.plist";
				INFOPLIST_KEY_UIApplicationSupportsIndirectInputEvents = YES;
				INFOPLIST_KEY_UILaunchStoryboardName = LaunchScreen;
				INFOPLIST_KEY_UIMainStoryboardFile = Main;
				INFOPLIST_KEY_UISupportedInterfaceOrientations_iPad = "UIInterfaceOrientationPortrait UIInterfaceOrientationPortraitUpsideDown UIInterfaceOrientationLandscapeLeft UIInterfaceOrientationLandscapeRight";
				INFOPLIST_KEY_UISupportedInterfaceOrientations_iPhone = "UIInterfaceOrientationPortrait UIInterfaceOrientationLandscapeLeft UIInterfaceOrientationLandscapeRight";
				LD_RUNPATH_SEARCH_PATHS = (
					"$(inherited)",
					"@executable_path/Frameworks",
				);
				MARKETING_VERSION = 1.0;
				PRODUCT_BUNDLE_IDENTIFIER = "JonathanVelez.BeReal-Clone";
				PRODUCT_NAME = "$(TARGET_NAME)";
				SWIFT_EMIT_LOC_STRINGS = YES;
				SWIFT_VERSION = 5.0;
				TARGETED_DEVICE_FAMILY = "1,2";
			};
			name = Release;
		};
		BC802B5529AC4B6600BBFE8E /* Debug */ = {
			isa = XCBuildConfiguration;
			buildSettings = {
				ALWAYS_EMBED_SWIFT_STANDARD_LIBRARIES = YES;
				BUNDLE_LOADER = "$(TEST_HOST)";
				CODE_SIGN_STYLE = Automatic;
				CURRENT_PROJECT_VERSION = 1;
				GENERATE_INFOPLIST_FILE = YES;
				IPHONEOS_DEPLOYMENT_TARGET = 16.2;
				MARKETING_VERSION = 1.0;
				PRODUCT_BUNDLE_IDENTIFIER = "JonathanVelez.BeReal-CloneTests";
				PRODUCT_NAME = "$(TARGET_NAME)";
				SWIFT_EMIT_LOC_STRINGS = NO;
				SWIFT_VERSION = 5.0;
				TARGETED_DEVICE_FAMILY = "1,2";
				TEST_HOST = "$(BUILT_PRODUCTS_DIR)/BeReal Clone.app/$(BUNDLE_EXECUTABLE_FOLDER_PATH)/BeReal Clone";
			};
			name = Debug;
		};
		BC802B5629AC4B6600BBFE8E /* Release */ = {
			isa = XCBuildConfiguration;
			buildSettings = {
				ALWAYS_EMBED_SWIFT_STANDARD_LIBRARIES = YES;
				BUNDLE_LOADER = "$(TEST_HOST)";
				CODE_SIGN_STYLE = Automatic;
				CURRENT_PROJECT_VERSION = 1;
				GENERATE_INFOPLIST_FILE = YES;
				IPHONEOS_DEPLOYMENT_TARGET = 16.2;
				MARKETING_VERSION = 1.0;
				PRODUCT_BUNDLE_IDENTIFIER = "JonathanVelez.BeReal-CloneTests";
				PRODUCT_NAME = "$(TARGET_NAME)";
				SWIFT_EMIT_LOC_STRINGS = NO;
				SWIFT_VERSION = 5.0;
				TARGETED_DEVICE_FAMILY = "1,2";
				TEST_HOST = "$(BUILT_PRODUCTS_DIR)/BeReal Clone.app/$(BUNDLE_EXECUTABLE_FOLDER_PATH)/BeReal Clone";
			};
			name = Release;
		};
		BC802B5829AC4B6600BBFE8E /* Debug */ = {
			isa = XCBuildConfiguration;
			buildSettings = {
				ALWAYS_EMBED_SWIFT_STANDARD_LIBRARIES = YES;
				CODE_SIGN_STYLE = Automatic;
				CURRENT_PROJECT_VERSION = 1;
				GENERATE_INFOPLIST_FILE = YES;
				MARKETING_VERSION = 1.0;
				PRODUCT_BUNDLE_IDENTIFIER = "JonathanVelez.BeReal-CloneUITests";
				PRODUCT_NAME = "$(TARGET_NAME)";
				SWIFT_EMIT_LOC_STRINGS = NO;
				SWIFT_VERSION = 5.0;
				TARGETED_DEVICE_FAMILY = "1,2";
				TEST_TARGET_NAME = "BeReal Clone";
			};
			name = Debug;
		};
		BC802B5929AC4B6600BBFE8E /* Release */ = {
			isa = XCBuildConfiguration;
			buildSettings = {
				ALWAYS_EMBED_SWIFT_STANDARD_LIBRARIES = YES;
				CODE_SIGN_STYLE = Automatic;
				CURRENT_PROJECT_VERSION = 1;
				GENERATE_INFOPLIST_FILE = YES;
				MARKETING_VERSION = 1.0;
				PRODUCT_BUNDLE_IDENTIFIER = "JonathanVelez.BeReal-CloneUITests";
				PRODUCT_NAME = "$(TARGET_NAME)";
				SWIFT_EMIT_LOC_STRINGS = NO;
				SWIFT_VERSION = 5.0;
				TARGETED_DEVICE_FAMILY = "1,2";
				TEST_TARGET_NAME = "BeReal Clone";
			};
			name = Release;
		};
/* End XCBuildConfiguration section */

/* Begin XCConfigurationList section */
		BC802B2229AC4B6500BBFE8E /* Build configuration list for PBXProject "BeReal Clone" */ = {
			isa = XCConfigurationList;
			buildConfigurations = (
				BC802B4F29AC4B6600BBFE8E /* Debug */,
				BC802B5029AC4B6600BBFE8E /* Release */,
			);
			defaultConfigurationIsVisible = 0;
			defaultConfigurationName = Release;
		};
		BC802B5129AC4B6600BBFE8E /* Build configuration list for PBXNativeTarget "BeReal Clone" */ = {
			isa = XCConfigurationList;
			buildConfigurations = (
				BC802B5229AC4B6600BBFE8E /* Debug */,
				BC802B5329AC4B6600BBFE8E /* Release */,
			);
			defaultConfigurationIsVisible = 0;
			defaultConfigurationName = Release;
		};
		BC802B5429AC4B6600BBFE8E /* Build configuration list for PBXNativeTarget "BeReal CloneTests" */ = {
			isa = XCConfigurationList;
			buildConfigurations = (
				BC802B5529AC4B6600BBFE8E /* Debug */,
				BC802B5629AC4B6600BBFE8E /* Release */,
			);
			defaultConfigurationIsVisible = 0;
			defaultConfigurationName = Release;
		};
		BC802B5729AC4B6600BBFE8E /* Build configuration list for PBXNativeTarget "BeReal CloneUITests" */ = {
			isa = XCConfigurationList;
			buildConfigurations = (
				BC802B5829AC4B6600BBFE8E /* Debug */,
				BC802B5929AC4B6600BBFE8E /* Release */,
			);
			defaultConfigurationIsVisible = 0;
			defaultConfigurationName = Release;
		};
/* End XCConfigurationList section */
	};
	rootObject = BC802B1F29AC4B6500BBFE8E /* Project object */;
}
